// !$*UTF8*$!
{
	archiveVersion = 1;
	classes = {
	};
	objectVersion = 55;
	objects = {

/* Begin PBXBuildFile section */
		2BA029CD28D46A9700FD3E93 /* CardEntity.swift in Sources */ = {isa = PBXBuildFile; fileRef = 2BA029CC28D46A9700FD3E93 /* CardEntity.swift */; };
		2BAA72D328D2D948008A52B4 /* AppDelegate.swift in Sources */ = {isa = PBXBuildFile; fileRef = 2BAA72D228D2D948008A52B4 /* AppDelegate.swift */; };
		2BAA72D528D2D948008A52B4 /* ContentView.swift in Sources */ = {isa = PBXBuildFile; fileRef = 2BAA72D428D2D948008A52B4 /* ContentView.swift */; };
		2BAA72D928D2D94B008A52B4 /* Assets.xcassets in Resources */ = {isa = PBXBuildFile; fileRef = 2BAA72D828D2D94B008A52B4 /* Assets.xcassets */; };
		2BAA72DC28D2D94B008A52B4 /* Preview Assets.xcassets in Resources */ = {isa = PBXBuildFile; fileRef = 2BAA72DB28D2D94B008A52B4 /* Preview Assets.xcassets */; };
		2BAA72E528D3194E008A52B4 /* BoreArView.swift in Sources */ = {isa = PBXBuildFile; fileRef = 2BAA72E428D3194E008A52B4 /* BoreArView.swift */; };
		2BAA72E828D3198A008A52B4 /* FocusEntity in Frameworks */ = {isa = PBXBuildFile; productRef = 2BAA72E728D3198A008A52B4 /* FocusEntity */; };
		2BAA72EB28D319BC008A52B4 /* RealityUI in Frameworks */ = {isa = PBXBuildFile; productRef = 2BAA72EA28D319BC008A52B4 /* RealityUI */; };
		2BAA72ED28D319D8008A52B4 /* BoreArView+Coaching.swift in Sources */ = {isa = PBXBuildFile; fileRef = 2BAA72EC28D319D8008A52B4 /* BoreArView+Coaching.swift */; };
		2BAA72EF28D31A01008A52B4 /* BoreArView+FocusEntity.swift in Sources */ = {isa = PBXBuildFile; fileRef = 2BAA72EE28D31A01008A52B4 /* BoreArView+FocusEntity.swift */; };
		2BAA72F128D31A7A008A52B4 /* BoreArViewContainer.swift in Sources */ = {isa = PBXBuildFile; fileRef = 2BAA72F028D31A7A008A52B4 /* BoreArViewContainer.swift */; };
		2BAA72F328D31AC4008A52B4 /* BoreArViewCoordinator.swift in Sources */ = {isa = PBXBuildFile; fileRef = 2BAA72F228D31AC4008A52B4 /* BoreArViewCoordinator.swift */; };
		2BAA72F528D31B84008A52B4 /* BoreArViewDelegate.swift in Sources */ = {isa = PBXBuildFile; fileRef = 2BAA72F428D31B84008A52B4 /* BoreArViewDelegate.swift */; };
		2BAA72F728D31BE0008A52B4 /* BoreArView+SessionDelegate.swift in Sources */ = {isa = PBXBuildFile; fileRef = 2BAA72F628D31BE0008A52B4 /* BoreArView+SessionDelegate.swift */; };
		2BAA72F928D328F7008A52B4 /* Card.swift in Sources */ = {isa = PBXBuildFile; fileRef = 2BAA72F828D328F7008A52B4 /* Card.swift */; };
		2BAB259B28D81D3D00AFC570 /* ModelData.swift in Sources */ = {isa = PBXBuildFile; fileRef = 2BAB259A28D81D3D00AFC570 /* ModelData.swift */; };
/* End PBXBuildFile section */

/* Begin PBXFileReference section */
		2BA029CC28D46A9700FD3E93 /* CardEntity.swift */ = {isa = PBXFileReference; lastKnownFileType = sourcecode.swift; path = CardEntity.swift; sourceTree = "<group>"; };
		2BAA72CF28D2D948008A52B4 /* ARDashboard.app */ = {isa = PBXFileReference; explicitFileType = wrapper.application; includeInIndex = 0; path = ARDashboard.app; sourceTree = BUILT_PRODUCTS_DIR; };
		2BAA72D228D2D948008A52B4 /* AppDelegate.swift */ = {isa = PBXFileReference; lastKnownFileType = sourcecode.swift; path = AppDelegate.swift; sourceTree = "<group>"; };
		2BAA72D428D2D948008A52B4 /* ContentView.swift */ = {isa = PBXFileReference; lastKnownFileType = sourcecode.swift; path = ContentView.swift; sourceTree = "<group>"; };
		2BAA72D828D2D94B008A52B4 /* Assets.xcassets */ = {isa = PBXFileReference; lastKnownFileType = folder.assetcatalog; path = Assets.xcassets; sourceTree = "<group>"; };
		2BAA72DB28D2D94B008A52B4 /* Preview Assets.xcassets */ = {isa = PBXFileReference; lastKnownFileType = folder.assetcatalog; path = "Preview Assets.xcassets"; sourceTree = "<group>"; };
		2BAA72E428D3194E008A52B4 /* BoreArView.swift */ = {isa = PBXFileReference; lastKnownFileType = sourcecode.swift; path = BoreArView.swift; sourceTree = "<group>"; };
		2BAA72EC28D319D8008A52B4 /* BoreArView+Coaching.swift */ = {isa = PBXFileReference; lastKnownFileType = sourcecode.swift; path = "BoreArView+Coaching.swift"; sourceTree = "<group>"; };
		2BAA72EE28D31A01008A52B4 /* BoreArView+FocusEntity.swift */ = {isa = PBXFileReference; lastKnownFileType = sourcecode.swift; path = "BoreArView+FocusEntity.swift"; sourceTree = "<group>"; };
		2BAA72F028D31A7A008A52B4 /* BoreArViewContainer.swift */ = {isa = PBXFileReference; lastKnownFileType = sourcecode.swift; path = BoreArViewContainer.swift; sourceTree = "<group>"; };
		2BAA72F228D31AC4008A52B4 /* BoreArViewCoordinator.swift */ = {isa = PBXFileReference; lastKnownFileType = sourcecode.swift; path = BoreArViewCoordinator.swift; sourceTree = "<group>"; };
		2BAA72F428D31B84008A52B4 /* BoreArViewDelegate.swift */ = {isa = PBXFileReference; lastKnownFileType = sourcecode.swift; path = BoreArViewDelegate.swift; sourceTree = "<group>"; };
		2BAA72F628D31BE0008A52B4 /* BoreArView+SessionDelegate.swift */ = {isa = PBXFileReference; lastKnownFileType = sourcecode.swift; path = "BoreArView+SessionDelegate.swift"; sourceTree = "<group>"; };
		2BAA72F828D328F7008A52B4 /* Card.swift */ = {isa = PBXFileReference; lastKnownFileType = sourcecode.swift; path = Card.swift; sourceTree = "<group>"; };
		2BAB259A28D81D3D00AFC570 /* ModelData.swift */ = {isa = PBXFileReference; lastKnownFileType = sourcecode.swift; path = ModelData.swift; sourceTree = "<group>"; };
/* End PBXFileReference section */

/* Begin PBXFrameworksBuildPhase section */
		2BAA72CC28D2D948008A52B4 /* Frameworks */ = {
			isa = PBXFrameworksBuildPhase;
			buildActionMask = 2147483647;
			files = (
				2BAA72E828D3198A008A52B4 /* FocusEntity in Frameworks */,
				2BAA72EB28D319BC008A52B4 /* RealityUI in Frameworks */,
			);
			runOnlyForDeploymentPostprocessing = 0;
		};
/* End PBXFrameworksBuildPhase section */

/* Begin PBXGroup section */
		2BA029CB28D46A8300FD3E93 /* ARClasses */ = {
			isa = PBXGroup;
			children = (
				2BA029CC28D46A9700FD3E93 /* CardEntity.swift */,
			);
			path = ARClasses;
			sourceTree = "<group>";
		};
		2BAA72C628D2D948008A52B4 = {
			isa = PBXGroup;
			children = (
				2BAA72D128D2D948008A52B4 /* ARDashboard */,
				2BAA72D028D2D948008A52B4 /* Products */,
			);
			sourceTree = "<group>";
		};
		2BAA72D028D2D948008A52B4 /* Products */ = {
			isa = PBXGroup;
			children = (
				2BAA72CF28D2D948008A52B4 /* ARDashboard.app */,
			);
			name = Products;
			sourceTree = "<group>";
		};
		2BAA72D128D2D948008A52B4 /* ARDashboard */ = {
			isa = PBXGroup;
			children = (
				2BAA72E228D31908008A52B4 /* Views */,
				2BAA72E328D3191E008A52B4 /* Model */,
				2BA029CB28D46A8300FD3E93 /* ARClasses */,
				2BAA72D228D2D948008A52B4 /* AppDelegate.swift */,
				2BAA72D828D2D94B008A52B4 /* Assets.xcassets */,
				2BAA72DA28D2D94B008A52B4 /* Preview Content */,
			);
			path = ARDashboard;
			sourceTree = "<group>";
		};
		2BAA72DA28D2D94B008A52B4 /* Preview Content */ = {
			isa = PBXGroup;
			children = (
				2BAA72DB28D2D94B008A52B4 /* Preview Assets.xcassets */,
			);
			path = "Preview Content";
			sourceTree = "<group>";
		};
		2BAA72E228D31908008A52B4 /* Views */ = {
			isa = PBXGroup;
			children = (
				2BAA72D428D2D948008A52B4 /* ContentView.swift */,
				2BAA72E428D3194E008A52B4 /* BoreArView.swift */,
				2BAA72EC28D319D8008A52B4 /* BoreArView+Coaching.swift */,
				2BAA72EE28D31A01008A52B4 /* BoreArView+FocusEntity.swift */,
				2BAA72F428D31B84008A52B4 /* BoreArViewDelegate.swift */,
				2BAA72F028D31A7A008A52B4 /* BoreArViewContainer.swift */,
				2BAA72F228D31AC4008A52B4 /* BoreArViewCoordinator.swift */,
				2BAA72F628D31BE0008A52B4 /* BoreArView+SessionDelegate.swift */,
			);
			path = Views;
			sourceTree = "<group>";
		};
		2BAA72E328D3191E008A52B4 /* Model */ = {
			isa = PBXGroup;
			children = (
				2BAA72F828D328F7008A52B4 /* Card.swift */,
				2BAB259A28D81D3D00AFC570 /* ModelData.swift */,
			);
			path = Model;
			sourceTree = "<group>";
		};
/* End PBXGroup section */

/* Begin PBXNativeTarget section */
		2BAA72CE28D2D948008A52B4 /* ARDashboard */ = {
			isa = PBXNativeTarget;
			buildConfigurationList = 2BAA72DF28D2D94B008A52B4 /* Build configuration list for PBXNativeTarget "ARDashboard" */;
			buildPhases = (
				2BAA72CB28D2D948008A52B4 /* Sources */,
				2BAA72CC28D2D948008A52B4 /* Frameworks */,
				2BAA72CD28D2D948008A52B4 /* Resources */,
			);
			buildRules = (
			);
			dependencies = (
			);
			name = ARDashboard;
			packageProductDependencies = (
				2BAA72E728D3198A008A52B4 /* FocusEntity */,
				2BAA72EA28D319BC008A52B4 /* RealityUI */,
			);
			productName = ARDashboard;
			productReference = 2BAA72CF28D2D948008A52B4 /* ARDashboard.app */;
			productType = "com.apple.product-type.application";
		};
/* End PBXNativeTarget section */

/* Begin PBXProject section */
		2BAA72C728D2D948008A52B4 /* Project object */ = {
			isa = PBXProject;
			attributes = {
				BuildIndependentTargetsInParallel = 1;
				LastSwiftUpdateCheck = 1340;
				LastUpgradeCheck = 1340;
				TargetAttributes = {
					2BAA72CE28D2D948008A52B4 = {
						CreatedOnToolsVersion = 13.4.1;
					};
				};
			};
			buildConfigurationList = 2BAA72CA28D2D948008A52B4 /* Build configuration list for PBXProject "ARDashboard" */;
			compatibilityVersion = "Xcode 13.0";
			developmentRegion = en;
			hasScannedForEncodings = 0;
			knownRegions = (
				en,
				Base,
			);
			mainGroup = 2BAA72C628D2D948008A52B4;
			packageReferences = (
				2BAA72E628D3198A008A52B4 /* XCRemoteSwiftPackageReference "FocusEntity" */,
				2BAA72E928D319BC008A52B4 /* XCRemoteSwiftPackageReference "RealityUI" */,
			);
			productRefGroup = 2BAA72D028D2D948008A52B4 /* Products */;
			projectDirPath = "";
			projectRoot = "";
			targets = (
				2BAA72CE28D2D948008A52B4 /* ARDashboard */,
			);
		};
/* End PBXProject section */

/* Begin PBXResourcesBuildPhase section */
		2BAA72CD28D2D948008A52B4 /* Resources */ = {
			isa = PBXResourcesBuildPhase;
			buildActionMask = 2147483647;
			files = (
				2BAA72DC28D2D94B008A52B4 /* Preview Assets.xcassets in Resources */,
				2BAA72D928D2D94B008A52B4 /* Assets.xcassets in Resources */,
			);
			runOnlyForDeploymentPostprocessing = 0;
		};
/* End PBXResourcesBuildPhase section */

/* Begin PBXSourcesBuildPhase section */
		2BAA72CB28D2D948008A52B4 /* Sources */ = {
			isa = PBXSourcesBuildPhase;
			buildActionMask = 2147483647;
			files = (
				2BAA72D528D2D948008A52B4 /* ContentView.swift in Sources */,
				2BAA72F728D31BE0008A52B4 /* BoreArView+SessionDelegate.swift in Sources */,
				2BAA72F128D31A7A008A52B4 /* BoreArViewContainer.swift in Sources */,
				2BAA72EF28D31A01008A52B4 /* BoreArView+FocusEntity.swift in Sources */,
				2BAA72ED28D319D8008A52B4 /* BoreArView+Coaching.swift in Sources */,
				2BAB259B28D81D3D00AFC570 /* ModelData.swift in Sources */,
				2BAA72F528D31B84008A52B4 /* BoreArViewDelegate.swift in Sources */,
				2BAA72E528D3194E008A52B4 /* BoreArView.swift in Sources */,
				2BAA72F928D328F7008A52B4 /* Card.swift in Sources */,
				2BA029CD28D46A9700FD3E93 /* CardEntity.swift in Sources */,
				2BAA72D328D2D948008A52B4 /* AppDelegate.swift in Sources */,
				2BAA72F328D31AC4008A52B4 /* BoreArViewCoordinator.swift in Sources */,
			);
			runOnlyForDeploymentPostprocessing = 0;
		};
/* End PBXSourcesBuildPhase section */

/* Begin XCBuildConfiguration section */
		2BAA72DD28D2D94B008A52B4 /* Debug */ = {
			isa = XCBuildConfiguration;
			buildSettings = {
				ALWAYS_SEARCH_USER_PATHS = NO;
				CLANG_ANALYZER_NONNULL = YES;
				CLANG_ANALYZER_NUMBER_OBJECT_CONVERSION = YES_AGGRESSIVE;
				CLANG_CXX_LANGUAGE_STANDARD = "gnu++17";
				CLANG_ENABLE_MODULES = YES;
				CLANG_ENABLE_OBJC_ARC = YES;
				CLANG_ENABLE_OBJC_WEAK = YES;
				CLANG_WARN_BLOCK_CAPTURE_AUTORELEASING = YES;
				CLANG_WARN_BOOL_CONVERSION = YES;
				CLANG_WARN_COMMA = YES;
				CLANG_WARN_CONSTANT_CONVERSION = YES;
				CLANG_WARN_DEPRECATED_OBJC_IMPLEMENTATIONS = YES;
				CLANG_WARN_DIRECT_OBJC_ISA_USAGE = YES_ERROR;
				CLANG_WARN_DOCUMENTATION_COMMENTS = YES;
				CLANG_WARN_EMPTY_BODY = YES;
				CLANG_WARN_ENUM_CONVERSION = YES;
				CLANG_WARN_INFINITE_RECURSION = YES;
				CLANG_WARN_INT_CONVERSION = YES;
				CLANG_WARN_NON_LITERAL_NULL_CONVERSION = YES;
				CLANG_WARN_OBJC_IMPLICIT_RETAIN_SELF = YES;
				CLANG_WARN_OBJC_LITERAL_CONVERSION = YES;
				CLANG_WARN_OBJC_ROOT_CLASS = YES_ERROR;
				CLANG_WARN_QUOTED_INCLUDE_IN_FRAMEWORK_HEADER = YES;
				CLANG_WARN_RANGE_LOOP_ANALYSIS = YES;
				CLANG_WARN_STRICT_PROTOTYPES = YES;
				CLANG_WARN_SUSPICIOUS_MOVE = YES;
				CLANG_WARN_UNGUARDED_AVAILABILITY = YES_AGGRESSIVE;
				CLANG_WARN_UNREACHABLE_CODE = YES;
				CLANG_WARN__DUPLICATE_METHOD_MATCH = YES;
				COPY_PHASE_STRIP = NO;
				DEBUG_INFORMATION_FORMAT = dwarf;
				ENABLE_STRICT_OBJC_MSGSEND = YES;
				ENABLE_TESTABILITY = YES;
				GCC_C_LANGUAGE_STANDARD = gnu11;
				GCC_DYNAMIC_NO_PIC = NO;
				GCC_NO_COMMON_BLOCKS = YES;
				GCC_OPTIMIZATION_LEVEL = 0;
				GCC_PREPROCESSOR_DEFINITIONS = (
					"DEBUG=1",
					"$(inherited)",
				);
				GCC_WARN_64_TO_32_BIT_CONVERSION = YES;
				GCC_WARN_ABOUT_RETURN_TYPE = YES_ERROR;
				GCC_WARN_UNDECLARED_SELECTOR = YES;
				GCC_WARN_UNINITIALIZED_AUTOS = YES_AGGRESSIVE;
				GCC_WARN_UNUSED_FUNCTION = YES;
				GCC_WARN_UNUSED_VARIABLE = YES;
				IPHONEOS_DEPLOYMENT_TARGET = 15.5;
				MTL_ENABLE_DEBUG_INFO = INCLUDE_SOURCE;
				MTL_FAST_MATH = YES;
				ONLY_ACTIVE_ARCH = YES;
				SDKROOT = iphoneos;
				SWIFT_ACTIVE_COMPILATION_CONDITIONS = DEBUG;
				SWIFT_OPTIMIZATION_LEVEL = "-Onone";
			};
			name = Debug;
		};
		2BAA72DE28D2D94B008A52B4 /* Release */ = {
			isa = XCBuildConfiguration;
			buildSettings = {
				ALWAYS_SEARCH_USER_PATHS = NO;
				CLANG_ANALYZER_NONNULL = YES;
				CLANG_ANALYZER_NUMBER_OBJECT_CONVERSION = YES_AGGRESSIVE;
				CLANG_CXX_LANGUAGE_STANDARD = "gnu++17";
				CLANG_ENABLE_MODULES = YES;
				CLANG_ENABLE_OBJC_ARC = YES;
				CLANG_ENABLE_OBJC_WEAK = YES;
				CLANG_WARN_BLOCK_CAPTURE_AUTORELEASING = YES;
				CLANG_WARN_BOOL_CONVERSION = YES;
				CLANG_WARN_COMMA = YES;
				CLANG_WARN_CONSTANT_CONVERSION = YES;
				CLANG_WARN_DEPRECATED_OBJC_IMPLEMENTATIONS = YES;
				CLANG_WARN_DIRECT_OBJC_ISA_USAGE = YES_ERROR;
				CLANG_WARN_DOCUMENTATION_COMMENTS = YES;
				CLANG_WARN_EMPTY_BODY = YES;
				CLANG_WARN_ENUM_CONVERSION = YES;
				CLANG_WARN_INFINITE_RECURSION = YES;
				CLANG_WARN_INT_CONVERSION = YES;
				CLANG_WARN_NON_LITERAL_NULL_CONVERSION = YES;
				CLANG_WARN_OBJC_IMPLICIT_RETAIN_SELF = YES;
				CLANG_WARN_OBJC_LITERAL_CONVERSION = YES;
				CLANG_WARN_OBJC_ROOT_CLASS = YES_ERROR;
				CLANG_WARN_QUOTED_INCLUDE_IN_FRAMEWORK_HEADER = YES;
				CLANG_WARN_RANGE_LOOP_ANALYSIS = YES;
				CLANG_WARN_STRICT_PROTOTYPES = YES;
				CLANG_WARN_SUSPICIOUS_MOVE = YES;
				CLANG_WARN_UNGUARDED_AVAILABILITY = YES_AGGRESSIVE;
				CLANG_WARN_UNREACHABLE_CODE = YES;
				CLANG_WARN__DUPLICATE_METHOD_MATCH = YES;
				COPY_PHASE_STRIP = NO;
				DEBUG_INFORMATION_FORMAT = "dwarf-with-dsym";
				ENABLE_NS_ASSERTIONS = NO;
				ENABLE_STRICT_OBJC_MSGSEND = YES;
				GCC_C_LANGUAGE_STANDARD = gnu11;
				GCC_NO_COMMON_BLOCKS = YES;
				GCC_WARN_64_TO_32_BIT_CONVERSION = YES;
				GCC_WARN_ABOUT_RETURN_TYPE = YES_ERROR;
				GCC_WARN_UNDECLARED_SELECTOR = YES;
				GCC_WARN_UNINITIALIZED_AUTOS = YES_AGGRESSIVE;
				GCC_WARN_UNUSED_FUNCTION = YES;
				GCC_WARN_UNUSED_VARIABLE = YES;
				IPHONEOS_DEPLOYMENT_TARGET = 15.5;
				MTL_ENABLE_DEBUG_INFO = NO;
				MTL_FAST_MATH = YES;
				SDKROOT = iphoneos;
				SWIFT_COMPILATION_MODE = wholemodule;
				SWIFT_OPTIMIZATION_LEVEL = "-O";
				VALIDATE_PRODUCT = YES;
			};
			name = Release;
		};
		2BAA72E028D2D94B008A52B4 /* Debug */ = {
			isa = XCBuildConfiguration;
			buildSettings = {
				ASSETCATALOG_COMPILER_APPICON_NAME = AppIcon;
				ASSETCATALOG_COMPILER_GLOBAL_ACCENT_COLOR_NAME = AccentColor;
				CODE_SIGN_STYLE = Automatic;
				CURRENT_PROJECT_VERSION = 1;
				DEVELOPMENT_ASSET_PATHS = "\"ARDashboard/Preview Content\"";
				DEVELOPMENT_TEAM = S54Y6UYAXC;
				ENABLE_PREVIEWS = YES;
				GENERATE_INFOPLIST_FILE = YES;
				INFOPLIST_KEY_NSCameraUsageDescription = "";
				INFOPLIST_KEY_UIApplicationSupportsIndirectInputEvents = YES;
				INFOPLIST_KEY_UILaunchScreen_Generation = YES;
				INFOPLIST_KEY_UIRequiredDeviceCapabilities = arkit;
				INFOPLIST_KEY_UIStatusBarHidden = YES;
				INFOPLIST_KEY_UISupportedInterfaceOrientations_iPad = "UIInterfaceOrientationPortrait UIInterfaceOrientationPortraitUpsideDown UIInterfaceOrientationLandscapeLeft UIInterfaceOrientationLandscapeRight";
				INFOPLIST_KEY_UISupportedInterfaceOrientations_iPhone = "UIInterfaceOrientationPortrait UIInterfaceOrientationLandscapeLeft UIInterfaceOrientationLandscapeRight";
				LD_RUNPATH_SEARCH_PATHS = (
					"$(inherited)",
					"@executable_path/Frameworks",
				);
				MARKETING_VERSION = 1.0;
				PRODUCT_BUNDLE_IDENTIFIER = com.boredream.ARDashboard;
				PRODUCT_NAME = "$(TARGET_NAME)";
				SWIFT_EMIT_LOC_STRINGS = YES;
				SWIFT_VERSION = 5.0;
				TARGETED_DEVICE_FAMILY = "1,2";
			};
			name = Debug;
		};
		2BAA72E128D2D94B008A52B4 /* Release */ = {
			isa = XCBuildConfiguration;
			buildSettings = {
				ASSETCATALOG_COMPILER_APPICON_NAME = AppIcon;
				ASSETCATALOG_COMPILER_GLOBAL_ACCENT_COLOR_NAME = AccentColor;
				CODE_SIGN_STYLE = Automatic;
				CURRENT_PROJECT_VERSION = 1;
				DEVELOPMENT_ASSET_PATHS = "\"ARDashboard/Preview Content\"";
				DEVELOPMENT_TEAM = S54Y6UYAXC;
				ENABLE_PREVIEWS = YES;
				GENERATE_INFOPLIST_FILE = YES;
				INFOPLIST_KEY_NSCameraUsageDescription = "";
				INFOPLIST_KEY_UIApplicationSupportsIndirectInputEvents = YES;
				INFOPLIST_KEY_UILaunchScreen_Generation = YES;
				INFOPLIST_KEY_UIRequiredDeviceCapabilities = arkit;
				INFOPLIST_KEY_UIStatusBarHidden = YES;
				INFOPLIST_KEY_UISupportedInterfaceOrientations_iPad = "UIInterfaceOrientationPortrait UIInterfaceOrientationPortraitUpsideDown UIInterfaceOrientationLandscapeLeft UIInterfaceOrientationLandscapeRight";
				INFOPLIST_KEY_UISupportedInterfaceOrientations_iPhone = "UIInterfaceOrientationPortrait UIInterfaceOrientationLandscapeLeft UIInterfaceOrientationLandscapeRight";
				LD_RUNPATH_SEARCH_PATHS = (
					"$(inherited)",
					"@executable_path/Frameworks",
				);
				MARKETING_VERSION = 1.0;
				PRODUCT_BUNDLE_IDENTIFIER = com.boredream.ARDashboard;
				PRODUCT_NAME = "$(TARGET_NAME)";
				SWIFT_EMIT_LOC_STRINGS = YES;
				SWIFT_VERSION = 5.0;
				TARGETED_DEVICE_FAMILY = "1,2";
			};
			name = Release;
		};
/* End XCBuildConfiguration section */

/* Begin XCConfigurationList section */
		2BAA72CA28D2D948008A52B4 /* Build configuration list for PBXProject "ARDashboard" */ = {
			isa = XCConfigurationList;
			buildConfigurations = (
				2BAA72DD28D2D94B008A52B4 /* Debug */,
				2BAA72DE28D2D94B008A52B4 /* Release */,
			);
			defaultConfigurationIsVisible = 0;
			defaultConfigurationName = Release;
		};
		2BAA72DF28D2D94B008A52B4 /* Build configuration list for PBXNativeTarget "ARDashboard" */ = {
			isa = XCConfigurationList;
			buildConfigurations = (
				2BAA72E028D2D94B008A52B4 /* Debug */,
				2BAA72E128D2D94B008A52B4 /* Release */,
			);
			defaultConfigurationIsVisible = 0;
			defaultConfigurationName = Release;
		};
/* End XCConfigurationList section */

/* Begin XCRemoteSwiftPackageReference section */
		2BAA72E628D3198A008A52B4 /* XCRemoteSwiftPackageReference "FocusEntity" */ = {
			isa = XCRemoteSwiftPackageReference;
			repositoryURL = "https://github.com/maxxfrazer/FocusEntity";
			requirement = {
				kind = exactVersion;
				version = 2.2.6;
			};
		};
		2BAA72E928D319BC008A52B4 /* XCRemoteSwiftPackageReference "RealityUI" */ = {
			isa = XCRemoteSwiftPackageReference;
			repositoryURL = "https://github.com/maxxfrazer/RealityUI/";
			requirement = {
				kind = exactVersion;
				version = 1.2.2;
			};
		};
/* End XCRemoteSwiftPackageReference section */

/* Begin XCSwiftPackageProductDependency section */
		2BAA72E728D3198A008A52B4 /* FocusEntity */ = {
			isa = XCSwiftPackageProductDependency;
			package = 2BAA72E628D3198A008A52B4 /* XCRemoteSwiftPackageReference "FocusEntity" */;
			productName = FocusEntity;
		};
		2BAA72EA28D319BC008A52B4 /* RealityUI */ = {
			isa = XCSwiftPackageProductDependency;
			package = 2BAA72E928D319BC008A52B4 /* XCRemoteSwiftPackageReference "RealityUI" */;
			productName = RealityUI;
		};
/* End XCSwiftPackageProductDependency section */
	};
	rootObject = 2BAA72C728D2D948008A52B4 /* Project object */;
}
